// !$*UTF8*$!
{
	archiveVersion = 1;
	classes = {
	};
	objectVersion = 50;
	objects = {

/* Begin PBXBuildFile section */
		6C5D28A1A3255014B34A8FD6 /* Pods_RealmToDoList.framework in Frameworks */ = {isa = PBXBuildFile; fileRef = 9B4A3D11A8C54EDDE2A9B374 /* Pods_RealmToDoList.framework */; };
		B643FD0623A6950B0094AD44 /* AppDelegate.swift in Sources */ = {isa = PBXBuildFile; fileRef = B643FD0523A6950B0094AD44 /* AppDelegate.swift */; };
		B643FD0823A6950B0094AD44 /* SceneDelegate.swift in Sources */ = {isa = PBXBuildFile; fileRef = B643FD0723A6950B0094AD44 /* SceneDelegate.swift */; };
		B643FD0A23A6950B0094AD44 /* ViewController.swift in Sources */ = {isa = PBXBuildFile; fileRef = B643FD0923A6950B0094AD44 /* ViewController.swift */; };
		B643FD0D23A6950B0094AD44 /* Main.storyboard in Resources */ = {isa = PBXBuildFile; fileRef = B643FD0B23A6950B0094AD44 /* Main.storyboard */; };
		B643FD0F23A6950D0094AD44 /* Assets.xcassets in Resources */ = {isa = PBXBuildFile; fileRef = B643FD0E23A6950D0094AD44 /* Assets.xcassets */; };
		B643FD1223A6950D0094AD44 /* LaunchScreen.storyboard in Resources */ = {isa = PBXBuildFile; fileRef = B643FD1023A6950D0094AD44 /* LaunchScreen.storyboard */; };
/* End PBXBuildFile section */

/* Begin PBXFileReference section */
		34B4893979C80DF381063ADF /* Pods-RealmToDoList.release.xcconfig */ = {isa = PBXFileReference; includeInIndex = 1; lastKnownFileType = text.xcconfig; name = "Pods-RealmToDoList.release.xcconfig"; path = "Target Support Files/Pods-RealmToDoList/Pods-RealmToDoList.release.xcconfig"; sourceTree = "<group>"; };
		5E3DDE3DE77F277C259B0626 /* Pods-RealmToDoList.debug.xcconfig */ = {isa = PBXFileReference; includeInIndex = 1; lastKnownFileType = text.xcconfig; name = "Pods-RealmToDoList.debug.xcconfig"; path = "Target Support Files/Pods-RealmToDoList/Pods-RealmToDoList.debug.xcconfig"; sourceTree = "<group>"; };
		9B4A3D11A8C54EDDE2A9B374 /* Pods_RealmToDoList.framework */ = {isa = PBXFileReference; explicitFileType = wrapper.framework; includeInIndex = 0; path = Pods_RealmToDoList.framework; sourceTree = BUILT_PRODUCTS_DIR; };
		B643FD0223A6950B0094AD44 /* RealmToDoList.app */ = {isa = PBXFileReference; explicitFileType = wrapper.application; includeInIndex = 0; path = RealmToDoList.app; sourceTree = BUILT_PRODUCTS_DIR; };
		B643FD0523A6950B0094AD44 /* AppDelegate.swift */ = {isa = PBXFileReference; lastKnownFileType = sourcecode.swift; path = AppDelegate.swift; sourceTree = "<group>"; };
		B643FD0723A6950B0094AD44 /* SceneDelegate.swift */ = {isa = PBXFileReference; lastKnownFileType = sourcecode.swift; path = SceneDelegate.swift; sourceTree = "<group>"; };
		B643FD0923A6950B0094AD44 /* ViewController.swift */ = {isa = PBXFileReference; lastKnownFileType = sourcecode.swift; path = ViewController.swift; sourceTree = "<group>"; };
		B643FD0C23A6950B0094AD44 /* Base */ = {isa = PBXFileReference; lastKnownFileType = file.storyboard; name = Base; path = Base.lproj/Main.storyboard; sourceTree = "<group>"; };
		B643FD0E23A6950D0094AD44 /* Assets.xcassets */ = {isa = PBXFileReference; lastKnownFileType = folder.assetcatalog; path = Assets.xcassets; sourceTree = "<group>"; };
		B643FD1123A6950D0094AD44 /* Base */ = {isa = PBXFileReference; lastKnownFileType = file.storyboard; name = Base; path = Base.lproj/LaunchScreen.storyboard; sourceTree = "<group>"; };
		B643FD1323A6950D0094AD44 /* Info.plist */ = {isa = PBXFileReference; lastKnownFileType = text.plist.xml; path = Info.plist; sourceTree = "<group>"; };
/* End PBXFileReference section */

/* Begin PBXFrameworksBuildPhase section */
		B643FCFF23A6950B0094AD44 /* Frameworks */ = {
			isa = PBXFrameworksBuildPhase;
			buildActionMask = 2147483647;
			files = (
				6C5D28A1A3255014B34A8FD6 /* Pods_RealmToDoList.framework in Frameworks */,
			);
			runOnlyForDeploymentPostprocessing = 0;
		};
/* End PBXFrameworksBuildPhase section */

/* Begin PBXGroup section */
		2FFC7396C1B8ACCC73AC465A /* Frameworks */ = {
			isa = PBXGroup;
			children = (
				9B4A3D11A8C54EDDE2A9B374 /* Pods_RealmToDoList.framework */,
			);
			name = Frameworks;
			sourceTree = "<group>";
		};
		B643FCF923A6950B0094AD44 = {
			isa = PBXGroup;
			children = (
				B643FD0423A6950B0094AD44 /* RealmToDoList */,
				B643FD0323A6950B0094AD44 /* Products */,
				E416753F9ACC2644C11EEBC3 /* Pods */,
				2FFC7396C1B8ACCC73AC465A /* Frameworks */,
			);
			sourceTree = "<group>";
		};
		B643FD0323A6950B0094AD44 /* Products */ = {
			isa = PBXGroup;
			children = (
				B643FD0223A6950B0094AD44 /* RealmToDoList.app */,
			);
			name = Products;
			sourceTree = "<group>";
		};
		B643FD0423A6950B0094AD44 /* RealmToDoList */ = {
			isa = PBXGroup;
			children = (
				B643FD1C23A6957D0094AD44 /* Other */,
				B643FD1923A6954A0094AD44 /* Model */,
				B643FD1A23A695560094AD44 /* View */,
				B643FD1B23A6955B0094AD44 /* Controller */,
				B643FD0E23A6950D0094AD44 /* Assets.xcassets */,
				B643FD1023A6950D0094AD44 /* LaunchScreen.storyboard */,
				B643FD1323A6950D0094AD44 /* Info.plist */,
			);
			path = RealmToDoList;
			sourceTree = "<group>";
		};
		B643FD1923A6954A0094AD44 /* Model */ = {
			isa = PBXGroup;
			children = (
			);
			path = Model;
			sourceTree = "<group>";
		};
		B643FD1A23A695560094AD44 /* View */ = {
			isa = PBXGroup;
			children = (
				B643FD0B23A6950B0094AD44 /* Main.storyboard */,
			);
			path = View;
			sourceTree = "<group>";
		};
		B643FD1B23A6955B0094AD44 /* Controller */ = {
			isa = PBXGroup;
			children = (
				B643FD0923A6950B0094AD44 /* ViewController.swift */,
			);
			path = Controller;
			sourceTree = "<group>";
		};
		B643FD1C23A6957D0094AD44 /* Other */ = {
			isa = PBXGroup;
			children = (
				B643FD0523A6950B0094AD44 /* AppDelegate.swift */,
				B643FD0723A6950B0094AD44 /* SceneDelegate.swift */,
			);
			path = Other;
			sourceTree = "<group>";
		};
		E416753F9ACC2644C11EEBC3 /* Pods */ = {
			isa = PBXGroup;
			children = (
				5E3DDE3DE77F277C259B0626 /* Pods-RealmToDoList.debug.xcconfig */,
				34B4893979C80DF381063ADF /* Pods-RealmToDoList.release.xcconfig */,
			);
			name = Pods;
			path = Pods;
			sourceTree = "<group>";
		};
/* End PBXGroup section */

/* Begin PBXNativeTarget section */
		B643FD0123A6950B0094AD44 /* RealmToDoList */ = {
			isa = PBXNativeTarget;
			buildConfigurationList = B643FD1623A6950D0094AD44 /* Build configuration list for PBXNativeTarget "RealmToDoList" */;
			buildPhases = (
				3A6439A6E7AB1C1E718061AF /* [CP] Check Pods Manifest.lock */,
				B643FCFE23A6950B0094AD44 /* Sources */,
				B643FCFF23A6950B0094AD44 /* Frameworks */,
				B643FD0023A6950B0094AD44 /* Resources */,
				1519729DBF2AA0E796FC1E39 /* [CP] Embed Pods Frameworks */,
			);
			buildRules = (
			);
			dependencies = (
			);
			name = RealmToDoList;
			productName = RealmToDoList;
			productReference = B643FD0223A6950B0094AD44 /* RealmToDoList.app */;
			productType = "com.apple.product-type.application";
		};
/* End PBXNativeTarget section */

/* Begin PBXProject section */
		B643FCFA23A6950B0094AD44 /* Project object */ = {
			isa = PBXProject;
			attributes = {
				LastSwiftUpdateCheck = 1120;
				LastUpgradeCheck = 1120;
				ORGANIZATIONNAME = "Pawel Czarnecki";
				TargetAttributes = {
					B643FD0123A6950B0094AD44 = {
						CreatedOnToolsVersion = 11.2.1;
					};
				};
			};
			buildConfigurationList = B643FCFD23A6950B0094AD44 /* Build configuration list for PBXProject "RealmToDoList" */;
			compatibilityVersion = "Xcode 9.3";
			developmentRegion = en;
			hasScannedForEncodings = 0;
			knownRegions = (
				en,
				Base,
			);
			mainGroup = B643FCF923A6950B0094AD44;
			productRefGroup = B643FD0323A6950B0094AD44 /* Products */;
			projectDirPath = "";
			projectRoot = "";
			targets = (
				B643FD0123A6950B0094AD44 /* RealmToDoList */,
			);
		};
/* End PBXProject section */

/* Begin PBXResourcesBuildPhase section */
		B643FD0023A6950B0094AD44 /* Resources */ = {
			isa = PBXResourcesBuildPhase;
			buildActionMask = 2147483647;
			files = (
				B643FD1223A6950D0094AD44 /* LaunchScreen.storyboard in Resources */,
				B643FD0F23A6950D0094AD44 /* Assets.xcassets in Resources */,
				B643FD0D23A6950B0094AD44 /* Main.storyboard in Resources */,
			);
			runOnlyForDeploymentPostprocessing = 0;
		};
/* End PBXResourcesBuildPhase section */

/* Begin PBXShellScriptBuildPhase section */
		1519729DBF2AA0E796FC1E39 /* [CP] Embed Pods Frameworks */ = {
			isa = PBXShellScriptBuildPhase;
			buildActionMask = 2147483647;
			files = (
			);
			inputFileListPaths = (
				"${PODS_ROOT}/Target Support Files/Pods-RealmToDoList/Pods-RealmToDoList-frameworks-${CONFIGURATION}-input-files.xcfilelist",
			);
			name = "[CP] Embed Pods Frameworks";
			outputFileListPaths = (
				"${PODS_ROOT}/Target Support Files/Pods-RealmToDoList/Pods-RealmToDoList-frameworks-${CONFIGURATION}-output-files.xcfilelist",
			);
			runOnlyForDeploymentPostprocessing = 0;
			shellPath = /bin/sh;
			shellScript = "\"${PODS_ROOT}/Target Support Files/Pods-RealmToDoList/Pods-RealmToDoList-frameworks.sh\"\n";
			showEnvVarsInLog = 0;
		};
		3A6439A6E7AB1C1E718061AF /* [CP] Check Pods Manifest.lock */ = {
			isa = PBXShellScriptBuildPhase;
			buildActionMask = 2147483647;
			files = (
			);
			inputFileListPaths = (
			);
			inputPaths = (
				"${PODS_PODFILE_DIR_PATH}/Podfile.lock",
				"${PODS_ROOT}/Manifest.lock",
			);
			name = "[CP] Check Pods Manifest.lock";
			outputFileListPaths = (
			);
			outputPaths = (
				"$(DERIVED_FILE_DIR)/Pods-RealmToDoList-checkManifestLockResult.txt",
			);
			runOnlyForDeploymentPostprocessing = 0;
			shellPath = /bin/sh;
			shellScript = "diff \"${PODS_PODFILE_DIR_PATH}/Podfile.lock\" \"${PODS_ROOT}/Manifest.lock\" > /dev/null\nif [ $? != 0 ] ; then\n    # print error to STDERR\n    echo \"error: The sandbox is not in sync with the Podfile.lock. Run 'pod install' or update your CocoaPods installation.\" >&2\n    exit 1\nfi\n# This output is used by Xcode 'outputs' to avoid re-running this script phase.\necho \"SUCCESS\" > \"${SCRIPT_OUTPUT_FILE_0}\"\n";
			showEnvVarsInLog = 0;
		};
/* End PBXShellScriptBuildPhase section */

/* Begin PBXSourcesBuildPhase section */
		B643FCFE23A6950B0094AD44 /* Sources */ = {
			isa = PBXSourcesBuildPhase;
			buildActionMask = 2147483647;
			files = (
				B643FD0A23A6950B0094AD44 /* ViewController.swift in Sources */,
				B643FD0623A6950B0094AD44 /* AppDelegate.swift in Sources */,
				B643FD0823A6950B0094AD44 /* SceneDelegate.swift in Sources */,
			);
			runOnlyForDeploymentPostprocessing = 0;
		};
/* End PBXSourcesBuildPhase section */

/* Begin PBXVariantGroup section */
		B643FD0B23A6950B0094AD44 /* Main.storyboard */ = {
			isa = PBXVariantGroup;
			children = (
				B643FD0C23A6950B0094AD44 /* Base */,
			);
			name = Main.storyboard;
			sourceTree = "<group>";
		};
		B643FD1023A6950D0094AD44 /* LaunchScreen.storyboard */ = {
			isa = PBXVariantGroup;
			children = (
				B643FD1123A6950D0094AD44 /* Base */,
			);
			name = LaunchScreen.storyboard;
			sourceTree = "<group>";
		};
/* End PBXVariantGroup section */

/* Begin XCBuildConfiguration section */
		B643FD1423A6950D0094AD44 /* Debug */ = {
			isa = XCBuildConfiguration;
			buildSettings = {
				ALWAYS_SEARCH_USER_PATHS = NO;
				CLANG_ANALYZER_NONNULL = YES;
				CLANG_ANALYZER_NUMBER_OBJECT_CONVERSION = YES_AGGRESSIVE;
				CLANG_CXX_LANGUAGE_STANDARD = "gnu++14";
				CLANG_CXX_LIBRARY = "libc++";
				CLANG_ENABLE_MODULES = YES;
				CLANG_ENABLE_OBJC_ARC = YES;
				CLANG_ENABLE_OBJC_WEAK = YES;
				CLANG_WARN_BLOCK_CAPTURE_AUTORELEASING = YES;
				CLANG_WARN_BOOL_CONVERSION = YES;
				CLANG_WARN_COMMA = YES;
				CLANG_WARN_CONSTANT_CONVERSION = YES;
				CLANG_WARN_DEPRECATED_OBJC_IMPLEMENTATIONS = YES;
				CLANG_WARN_DIRECT_OBJC_ISA_USAGE = YES_ERROR;
				CLANG_WARN_DOCUMENTATION_COMMENTS = YES;
				CLANG_WARN_EMPTY_BODY = YES;
				CLANG_WARN_ENUM_CONVERSION = YES;
				CLANG_WARN_INFINITE_RECURSION = YES;
				CLANG_WARN_INT_CONVERSION = YES;
				CLANG_WARN_NON_LITERAL_NULL_CONVERSION = YES;
				CLANG_WARN_OBJC_IMPLICIT_RETAIN_SELF = YES;
				CLANG_WARN_OBJC_LITERAL_CONVERSION = YES;
				CLANG_WARN_OBJC_ROOT_CLASS = YES_ERROR;
				CLANG_WARN_RANGE_LOOP_ANALYSIS = YES;
				CLANG_WARN_STRICT_PROTOTYPES = YES;
				CLANG_WARN_SUSPICIOUS_MOVE = YES;
				CLANG_WARN_UNGUARDED_AVAILABILITY = YES_AGGRESSIVE;
				CLANG_WARN_UNREACHABLE_CODE = YES;
				CLANG_WARN__DUPLICATE_METHOD_MATCH = YES;
				COPY_PHASE_STRIP = NO;
				DEBUG_INFORMATION_FORMAT = dwarf;
				ENABLE_STRICT_OBJC_MSGSEND = YES;
				ENABLE_TESTABILITY = YES;
				GCC_C_LANGUAGE_STANDARD = gnu11;
				GCC_DYNAMIC_NO_PIC = NO;
				GCC_NO_COMMON_BLOCKS = YES;
				GCC_OPTIMIZATION_LEVEL = 0;
				GCC_PREPROCESSOR_DEFINITIONS = (
					"DEBUG=1",
					"$(inherited)",
				);
				GCC_WARN_64_TO_32_BIT_CONVERSION = YES;
				GCC_WARN_ABOUT_RETURN_TYPE = YES_ERROR;
				GCC_WARN_UNDECLARED_SELECTOR = YES;
				GCC_WARN_UNINITIALIZED_AUTOS = YES_AGGRESSIVE;
				GCC_WARN_UNUSED_FUNCTION = YES;
				GCC_WARN_UNUSED_VARIABLE = YES;
				IPHONEOS_DEPLOYMENT_TARGET = 13.2;
				MTL_ENABLE_DEBUG_INFO = INCLUDE_SOURCE;
				MTL_FAST_MATH = YES;
				ONLY_ACTIVE_ARCH = YES;
				SDKROOT = iphoneos;
				SWIFT_ACTIVE_COMPILATION_CONDITIONS = DEBUG;
				SWIFT_OPTIMIZATION_LEVEL = "-Onone";
			};
			name = Debug;
		};
		B643FD1523A6950D0094AD44 /* Release */ = {
			isa = XCBuildConfiguration;
			buildSettings = {
				ALWAYS_SEARCH_USER_PATHS = NO;
				CLANG_ANALYZER_NONNULL = YES;
				CLANG_ANALYZER_NUMBER_OBJECT_CONVERSION = YES_AGGRESSIVE;
				CLANG_CXX_LANGUAGE_STANDARD = "gnu++14";
				CLANG_CXX_LIBRARY = "libc++";
				CLANG_ENABLE_MODULES = YES;
				CLANG_ENABLE_OBJC_ARC = YES;
				CLANG_ENABLE_OBJC_WEAK = YES;
				CLANG_WARN_BLOCK_CAPTURE_AUTORELEASING = YES;
				CLANG_WARN_BOOL_CONVERSION = YES;
				CLANG_WARN_COMMA = YES;
				CLANG_WARN_CONSTANT_CONVERSION = YES;
				CLANG_WARN_DEPRECATED_OBJC_IMPLEMENTATIONS = YES;
				CLANG_WARN_DIRECT_OBJC_ISA_USAGE = YES_ERROR;
				CLANG_WARN_DOCUMENTATION_COMMENTS = YES;
				CLANG_WARN_EMPTY_BODY = YES;
				CLANG_WARN_ENUM_CONVERSION = YES;
				CLANG_WARN_INFINITE_RECURSION = YES;
				CLANG_WARN_INT_CONVERSION = YES;
				CLANG_WARN_NON_LITERAL_NULL_CONVERSION = YES;
				CLANG_WARN_OBJC_IMPLICIT_RETAIN_SELF = YES;
				CLANG_WARN_OBJC_LITERAL_CONVERSION = YES;
				CLANG_WARN_OBJC_ROOT_CLASS = YES_ERROR;
				CLANG_WARN_RANGE_LOOP_ANALYSIS = YES;
				CLANG_WARN_STRICT_PROTOTYPES = YES;
				CLANG_WARN_SUSPICIOUS_MOVE = YES;
				CLANG_WARN_UNGUARDED_AVAILABILITY = YES_AGGRESSIVE;
				CLANG_WARN_UNREACHABLE_CODE = YES;
				CLANG_WARN__DUPLICATE_METHOD_MATCH = YES;
				COPY_PHASE_STRIP = NO;
				DEBUG_INFORMATION_FORMAT = "dwarf-with-dsym";
				ENABLE_NS_ASSERTIONS = NO;
				ENABLE_STRICT_OBJC_MSGSEND = YES;
				GCC_C_LANGUAGE_STANDARD = gnu11;
				GCC_NO_COMMON_BLOCKS = YES;
				GCC_WARN_64_TO_32_BIT_CONVERSION = YES;
				GCC_WARN_ABOUT_RETURN_TYPE = YES_ERROR;
				GCC_WARN_UNDECLARED_SELECTOR = YES;
				GCC_WARN_UNINITIALIZED_AUTOS = YES_AGGRESSIVE;
				GCC_WARN_UNUSED_FUNCTION = YES;
				GCC_WARN_UNUSED_VARIABLE = YES;
				IPHONEOS_DEPLOYMENT_TARGET = 13.2;
				MTL_ENABLE_DEBUG_INFO = NO;
				MTL_FAST_MATH = YES;
				SDKROOT = iphoneos;
				SWIFT_COMPILATION_MODE = wholemodule;
				SWIFT_OPTIMIZATION_LEVEL = "-O";
				VALIDATE_PRODUCT = YES;
			};
			name = Release;
		};
		B643FD1723A6950D0094AD44 /* Debug */ = {
			isa = XCBuildConfiguration;
			baseConfigurationReference = 5E3DDE3DE77F277C259B0626 /* Pods-RealmToDoList.debug.xcconfig */;
			buildSettings = {
				ASSETCATALOG_COMPILER_APPICON_NAME = AppIcon;
				CODE_SIGN_STYLE = Automatic;
				DEVELOPMENT_TEAM = 28R5T3X2F3;
				INFOPLIST_FILE = RealmToDoList/Info.plist;
				LD_RUNPATH_SEARCH_PATHS = (
					"$(inherited)",
					"@executable_path/Frameworks",
				);
				PRODUCT_BUNDLE_IDENTIFIER = PCSoftware.RealmToDoList;
				PRODUCT_NAME = "$(TARGET_NAME)";
				SWIFT_VERSION = 5.0;
				TARGETED_DEVICE_FAMILY = "1,2";
			};
			name = Debug;
		};
		B643FD1823A6950D0094AD44 /* Release */ = {
			isa = XCBuildConfiguration;
			baseConfigurationReference = 34B4893979C80DF381063ADF /* Pods-RealmToDoList.release.xcconfig */;
			buildSettings = {
				ASSETCATALOG_COMPILER_APPICON_NAME = AppIcon;
				CODE_SIGN_STYLE = Automatic;
				DEVELOPMENT_TEAM = 28R5T3X2F3;
				INFOPLIST_FILE = RealmToDoList/Info.plist;
				LD_RUNPATH_SEARCH_PATHS = (
					"$(inherited)",
					"@executable_path/Frameworks",
				);
				PRODUCT_BUNDLE_IDENTIFIER = PCSoftware.RealmToDoList;
				PRODUCT_NAME = "$(TARGET_NAME)";
				SWIFT_VERSION = 5.0;
				TARGETED_DEVICE_FAMILY = "1,2";
			};
			name = Release;
		};
/* End XCBuildConfiguration section */

/* Begin XCConfigurationList section */
		B643FCFD23A6950B0094AD44 /* Build configuration list for PBXProject "RealmToDoList" */ = {
			isa = XCConfigurationList;
			buildConfigurations = (
				B643FD1423A6950D0094AD44 /* Debug */,
				B643FD1523A6950D0094AD44 /* Release */,
			);
			defaultConfigurationIsVisible = 0;
			defaultConfigurationName = Release;
		};
		B643FD1623A6950D0094AD44 /* Build configuration list for PBXNativeTarget "RealmToDoList" */ = {
			isa = XCConfigurationList;
			buildConfigurations = (
				B643FD1723A6950D0094AD44 /* Debug */,
				B643FD1823A6950D0094AD44 /* Release */,
			);
			defaultConfigurationIsVisible = 0;
			defaultConfigurationName = Release;
		};
/* End XCConfigurationList section */
	};
	rootObject = B643FCFA23A6950B0094AD44 /* Project object */;
}
